
Microsoft Visual Studio Solution File, Format Version 12.00
# Visual Studio Version 17
VisualStudioVersion = 17.2.32519.379
MinimumVisualStudioVersion = 10.0.40219.1
Project("{9A19103F-16F7-4668-BE54-9A1E7A4F7556}") = "ConsoleApp1_ConnectionString", "ConsoleApp1_ConnectionString\ConsoleApp1_ConnectionString.csproj", "{CFD7686A-8CF5-4FE4-9AF8-B612096DEA32}"
EndProject
Project("{FAE04EC0-301F-11D3-BF4B-00C04F79EFBC}") = "DapperProject", "DapperProject\DapperProject.csproj", "{23780580-C3CA-4DB9-8545-AB590C5D6FBD}"
EndProject
Global
	GlobalSection(SolutionConfigurationPlatforms) = preSolution
		Debug|Any CPU = Debug|Any CPU
		Release|Any CPU = Release|Any CPU
	EndGlobalSection
	GlobalSection(ProjectConfigurationPlatforms) = postSolution
		{CFD7686A-8CF5-4FE4-9AF8-B612096DEA32}.Debug|Any CPU.ActiveCfg = Debug|Any CPU
		{CFD7686A-8CF5-4FE4-9AF8-B612096DEA32}.Debug|Any CPU.Build.0 = Debug|Any CPU
		{CFD7686A-8CF5-4FE4-9AF8-B612096DEA32}.Release|Any CPU.ActiveCfg = Release|Any CPU
		{CFD7686A-8CF5-4FE4-9AF8-B612096DEA32}.Release|Any CPU.Build.0 = Release|Any CPU
		{23780580-C3CA-4DB9-8545-AB590C5D6FBD}.Debug|Any CPU.ActiveCfg = Debug|Any CPU
		{23780580-C3CA-4DB9-8545-AB590C5D6FBD}.Debug|Any CPU.Build.0 = Debug|Any CPU
		{23780580-C3CA-4DB9-8545-AB590C5D6FBD}.Release|Any CPU.ActiveCfg = Release|Any CPU
		{23780580-C3CA-4DB9-8545-AB590C5D6FBD}.Release|Any CPU.Build.0 = Release|Any CPU
	EndGlobalSection
	GlobalSection(SolutionProperties) = preSolution
		HideSolutionNode = FALSE
	EndGlobalSection
	GlobalSection(ExtensibilityGlobals) = postSolution
		SolutionGuid = {4F5B30FD-BE03-4D10-B89D-394B872D9196}
	EndGlobalSection
EndGlobal
